// !$*UTF8*$!
{
	archiveVersion = 1;
	classes = {
	};
	objectVersion = 77;
	objects = {

/* Begin PBXBuildFile section */
		14BF1ACE2DD492F200F7A7EF /* Challenge.swift in Sources */ = {isa = PBXBuildFile; fileRef = 14BF1ACD2DD492F200F7A7EF /* Challenge.swift */; };
/* End PBXBuildFile section */

/* Begin PBXContainerItemProxy section */
		14BF1A952DD4779300F7A7EF /* PBXContainerItemProxy */ = {
			isa = PBXContainerItemProxy;
			containerPortal = 14BF1A7F2DD4779000F7A7EF /* Project object */;
			proxyType = 1;
			remoteGlobalIDString = 14BF1A862DD4779000F7A7EF;
			remoteInfo = Mundeer;
		};
		14BF1A9F2DD4779300F7A7EF /* PBXContainerItemProxy */ = {
			isa = PBXContainerItemProxy;
			containerPortal = 14BF1A7F2DD4779000F7A7EF /* Project object */;
			proxyType = 1;
			remoteGlobalIDString = 14BF1A862DD4779000F7A7EF;
			remoteInfo = Mundeer;
		};
/* End PBXContainerItemProxy section */

/* Begin PBXFileReference section */
		14BF1A872DD4779000F7A7EF /* Mundeer.app */ = {isa = PBXFileReference; explicitFileType = wrapper.application; includeInIndex = 0; path = Mundeer.app; sourceTree = BUILT_PRODUCTS_DIR; };
		14BF1A942DD4779300F7A7EF /* MundeerTests.xctest */ = {isa = PBXFileReference; explicitFileType = wrapper.cfbundle; includeInIndex = 0; path = MundeerTests.xctest; sourceTree = BUILT_PRODUCTS_DIR; };
		14BF1A9E2DD4779300F7A7EF /* MundeerUITests.xctest */ = {isa = PBXFileReference; explicitFileType = wrapper.cfbundle; includeInIndex = 0; path = MundeerUITests.xctest; sourceTree = BUILT_PRODUCTS_DIR; };
		14BF1ACD2DD492F200F7A7EF /* Challenge.swift */ = {isa = PBXFileReference; lastKnownFileType = sourcecode.swift; path = Challenge.swift; sourceTree = "<group>"; };
/* End PBXFileReference section */

/* Begin PBXFileSystemSynchronizedRootGroup section */
		14BF1A892DD4779000F7A7EF /* Mundeer */ = {
			isa = PBXFileSystemSynchronizedRootGroup;
			path = Mundeer;
			sourceTree = "<group>";
		};
		14BF1A972DD4779300F7A7EF /* MundeerTests */ = {
			isa = PBXFileSystemSynchronizedRootGroup;
			path = MundeerTests;
			sourceTree = "<group>";
		};
		14BF1AA12DD4779300F7A7EF /* MundeerUITests */ = {
			isa = PBXFileSystemSynchronizedRootGroup;
			path = MundeerUITests;
			sourceTree = "<group>";
		};
/* End PBXFileSystemSynchronizedRootGroup section */

/* Begin PBXFrameworksBuildPhase section */
		14BF1A842DD4779000F7A7EF /* Frameworks */ = {
			isa = PBXFrameworksBuildPhase;
			buildActionMask = 2147483647;
			files = (
			);
			runOnlyForDeploymentPostprocessing = 0;
		};
		14BF1A912DD4779300F7A7EF /* Frameworks */ = {
			isa = PBXFrameworksBuildPhase;
			buildActionMask = 2147483647;
			files = (
			);
			runOnlyForDeploymentPostprocessing = 0;
		};
		14BF1A9B2DD4779300F7A7EF /* Frameworks */ = {
			isa = PBXFrameworksBuildPhase;
			buildActionMask = 2147483647;
			files = (
			);
			runOnlyForDeploymentPostprocessing = 0;
		};
/* End PBXFrameworksBuildPhase section */

/* Begin PBXGroup section */
		14BF1A7E2DD4779000F7A7EF = {
			isa = PBXGroup;
			children = (
				14BF1ACD2DD492F200F7A7EF /* Challenge.swift */,
				14BF1A892DD4779000F7A7EF /* Mundeer */,
				14BF1A972DD4779300F7A7EF /* MundeerTests */,
				14BF1AA12DD4779300F7A7EF /* MundeerUITests */,
				14BF1A882DD4779000F7A7EF /* Products */,
			);
			sourceTree = "<group>";
		};
		14BF1A882DD4779000F7A7EF /* Products */ = {
			isa = PBXGroup;
			children = (
				14BF1A872DD4779000F7A7EF /* Mundeer.app */,
				14BF1A942DD4779300F7A7EF /* MundeerTests.xctest */,
				14BF1A9E2DD4779300F7A7EF /* MundeerUITests.xctest */,
			);
			name = Products;
			sourceTree = "<group>";
		};
/* End PBXGroup section */

/* Begin PBXNativeTarget section */
		14BF1A862DD4779000F7A7EF /* Mundeer */ = {
			isa = PBXNativeTarget;
			buildConfigurationList = 14BF1AA82DD4779300F7A7EF /* Build configuration list for PBXNativeTarget "Mundeer" */;
			buildPhases = (
				14BF1A832DD4779000F7A7EF /* Sources */,
				14BF1A842DD4779000F7A7EF /* Frameworks */,
				14BF1A852DD4779000F7A7EF /* Resources */,
			);
			buildRules = (
			);
			dependencies = (
			);
			fileSystemSynchronizedGroups = (
				14BF1A892DD4779000F7A7EF /* Mundeer */,
			);
			name = Mundeer;
			packageProductDependencies = (
			);
			productName = Mundeer;
			productReference = 14BF1A872DD4779000F7A7EF /* Mundeer.app */;
			productType = "com.apple.product-type.application";
		};
		14BF1A932DD4779300F7A7EF /* MundeerTests */ = {
			isa = PBXNativeTarget;
			buildConfigurationList = 14BF1AAB2DD4779300F7A7EF /* Build configuration list for PBXNativeTarget "MundeerTests" */;
			buildPhases = (
				14BF1A902DD4779300F7A7EF /* Sources */,
				14BF1A912DD4779300F7A7EF /* Frameworks */,
				14BF1A922DD4779300F7A7EF /* Resources */,
			);
			buildRules = (
			);
			dependencies = (
				14BF1A962DD4779300F7A7EF /* PBXTargetDependency */,
			);
			fileSystemSynchronizedGroups = (
				14BF1A972DD4779300F7A7EF /* MundeerTests */,
			);
			name = MundeerTests;
			packageProductDependencies = (
			);
			productName = MundeerTests;
			productReference = 14BF1A942DD4779300F7A7EF /* MundeerTests.xctest */;
			productType = "com.apple.product-type.bundle.unit-test";
		};
		14BF1A9D2DD4779300F7A7EF /* MundeerUITests */ = {
			isa = PBXNativeTarget;
			buildConfigurationList = 14BF1AAE2DD4779300F7A7EF /* Build configuration list for PBXNativeTarget "MundeerUITests" */;
			buildPhases = (
				14BF1A9A2DD4779300F7A7EF /* Sources */,
				14BF1A9B2DD4779300F7A7EF /* Frameworks */,
				14BF1A9C2DD4779300F7A7EF /* Resources */,
			);
			buildRules = (
			);
			dependencies = (
				14BF1AA02DD4779300F7A7EF /* PBXTargetDependency */,
			);
			fileSystemSynchronizedGroups = (
				14BF1AA12DD4779300F7A7EF /* MundeerUITests */,
			);
			name = MundeerUITests;
			packageProductDependencies = (
			);
			productName = MundeerUITests;
			productReference = 14BF1A9E2DD4779300F7A7EF /* MundeerUITests.xctest */;
			productType = "com.apple.product-type.bundle.ui-testing";
		};
/* End PBXNativeTarget section */

/* Begin PBXProject section */
		14BF1A7F2DD4779000F7A7EF /* Project object */ = {
			isa = PBXProject;
			attributes = {
				BuildIndependentTargetsInParallel = 1;
				LastSwiftUpdateCheck = 1630;
				LastUpgradeCheck = 1630;
				TargetAttributes = {
					14BF1A862DD4779000F7A7EF = {
						CreatedOnToolsVersion = 16.3;
					};
					14BF1A932DD4779300F7A7EF = {
						CreatedOnToolsVersion = 16.3;
						TestTargetID = 14BF1A862DD4779000F7A7EF;
					};
					14BF1A9D2DD4779300F7A7EF = {
						CreatedOnToolsVersion = 16.3;
						TestTargetID = 14BF1A862DD4779000F7A7EF;
					};
				};
			};
			buildConfigurationList = 14BF1A822DD4779000F7A7EF /* Build configuration list for PBXProject "Mundeer" */;
			developmentRegion = en;
			hasScannedForEncodings = 0;
			knownRegions = (
				en,
				Base,
			);
			mainGroup = 14BF1A7E2DD4779000F7A7EF;
			minimizedProjectReferenceProxies = 1;
			preferredProjectObjectVersion = 77;
			productRefGroup = 14BF1A882DD4779000F7A7EF /* Products */;
			projectDirPath = "";
			projectRoot = "";
			targets = (
				14BF1A862DD4779000F7A7EF /* Mundeer */,
				14BF1A932DD4779300F7A7EF /* MundeerTests */,
				14BF1A9D2DD4779300F7A7EF /* MundeerUITests */,
			);
		};
/* End PBXProject section */

/* Begin PBXResourcesBuildPhase section */
		14BF1A852DD4779000F7A7EF /* Resources */ = {
			isa = PBXResourcesBuildPhase;
			buildActionMask = 2147483647;
			files = (
			);
			runOnlyForDeploymentPostprocessing = 0;
		};
		14BF1A922DD4779300F7A7EF /* Resources */ = {
			isa = PBXResourcesBuildPhase;
			buildActionMask = 2147483647;
			files = (
			);
			runOnlyForDeploymentPostprocessing = 0;
		};
		14BF1A9C2DD4779300F7A7EF /* Resources */ = {
			isa = PBXResourcesBuildPhase;
			buildActionMask = 2147483647;
			files = (
			);
			runOnlyForDeploymentPostprocessing = 0;
		};
/* End PBXResourcesBuildPhase section */

/* Begin PBXSourcesBuildPhase section */
		14BF1A832DD4779000F7A7EF /* Sources */ = {
			isa = PBXSourcesBuildPhase;
			buildActionMask = 2147483647;
			files = (
				14BF1ACE2DD492F200F7A7EF /* Challenge.swift in Sources */,
			);
			runOnlyForDeploymentPostprocessing = 0;
		};
		14BF1A902DD4779300F7A7EF /* Sources */ = {
			isa = PBXSourcesBuildPhase;
			buildActionMask = 2147483647;
			files = (
			);
			runOnlyForDeploymentPostprocessing = 0;
		};
		14BF1A9A2DD4779300F7A7EF /* Sources */ = {
			isa = PBXSourcesBuildPhase;
			buildActionMask = 2147483647;
			files = (
			);
			runOnlyForDeploymentPostprocessing = 0;
		};
/* End PBXSourcesBuildPhase section */

/* Begin PBXTargetDependency section */
		14BF1A962DD4779300F7A7EF /* PBXTargetDependency */ = {
			isa = PBXTargetDependency;
			target = 14BF1A862DD4779000F7A7EF /* Mundeer */;
			targetProxy = 14BF1A952DD4779300F7A7EF /* PBXContainerItemProxy */;
		};
		14BF1AA02DD4779300F7A7EF /* PBXTargetDependency */ = {
			isa = PBXTargetDependency;
			target = 14BF1A862DD4779000F7A7EF /* Mundeer */;
			targetProxy = 14BF1A9F2DD4779300F7A7EF /* PBXContainerItemProxy */;
		};
/* End PBXTargetDependency section */

/* Begin XCBuildConfiguration section */
		14BF1AA62DD4779300F7A7EF /* Debug */ = {
			isa = XCBuildConfiguration;
			buildSettings = {
				ALWAYS_SEARCH_USER_PATHS = NO;
				ASSETCATALOG_COMPILER_GENERATE_SWIFT_ASSET_SYMBOL_EXTENSIONS = YES;
				CLANG_ANALYZER_NONNULL = YES;
				CLANG_ANALYZER_NUMBER_OBJECT_CONVERSION = YES_AGGRESSIVE;
				CLANG_CXX_LANGUAGE_STANDARD = "gnu++20";
				CLANG_ENABLE_MODULES = YES;
				CLANG_ENABLE_OBJC_ARC = YES;
				CLANG_ENABLE_OBJC_WEAK = YES;
				CLANG_WARN_BLOCK_CAPTURE_AUTORELEASING = YES;
				CLANG_WARN_BOOL_CONVERSION = YES;
				CLANG_WARN_COMMA = YES;
				CLANG_WARN_CONSTANT_CONVERSION = YES;
				CLANG_WARN_DEPRECATED_OBJC_IMPLEMENTATIONS = YES;
				CLANG_WARN_DIRECT_OBJC_ISA_USAGE = YES_ERROR;
				CLANG_WARN_DOCUMENTATION_COMMENTS = YES;
				CLANG_WARN_EMPTY_BODY = YES;
				CLANG_WARN_ENUM_CONVERSION = YES;
				CLANG_WARN_INFINITE_RECURSION = YES;
				CLANG_WARN_INT_CONVERSION = YES;
				CLANG_WARN_NON_LITERAL_NULL_CONVERSION = YES;
				CLANG_WARN_OBJC_IMPLICIT_RETAIN_SELF = YES;
				CLANG_WARN_OBJC_LITERAL_CONVERSION = YES;
				CLANG_WARN_OBJC_ROOT_CLASS = YES_ERROR;
				CLANG_WARN_QUOTED_INCLUDE_IN_FRAMEWORK_HEADER = YES;
				CLANG_WARN_RANGE_LOOP_ANALYSIS = YES;
				CLANG_WARN_STRICT_PROTOTYPES = YES;
				CLANG_WARN_SUSPICIOUS_MOVE = YES;
				CLANG_WARN_UNGUARDED_AVAILABILITY = YES_AGGRESSIVE;
				CLANG_WARN_UNREACHABLE_CODE = YES;
				CLANG_WARN__DUPLICATE_METHOD_MATCH = YES;
				COPY_PHASE_STRIP = NO;
				DEBUG_INFORMATION_FORMAT = dwarf;
				ENABLE_STRICT_OBJC_MSGSEND = YES;
				ENABLE_TESTABILITY = YES;
				ENABLE_USER_SCRIPT_SANDBOXING = YES;
				GCC_C_LANGUAGE_STANDARD = gnu17;
				GCC_DYNAMIC_NO_PIC = NO;
				GCC_NO_COMMON_BLOCKS = YES;
				GCC_OPTIMIZATION_LEVEL = 0;
				GCC_PREPROCESSOR_DEFINITIONS = (
					"DEBUG=1",
					"$(inherited)",
				);
				GCC_WARN_64_TO_32_BIT_CONVERSION = YES;
				GCC_WARN_ABOUT_RETURN_TYPE = YES_ERROR;
				GCC_WARN_UNDECLARED_SELECTOR = YES;
				GCC_WARN_UNINITIALIZED_AUTOS = YES_AGGRESSIVE;
				GCC_WARN_UNUSED_FUNCTION = YES;
				GCC_WARN_UNUSED_VARIABLE = YES;
				IPHONEOS_DEPLOYMENT_TARGET = 18.4;
				LOCALIZATION_PREFERS_STRING_CATALOGS = YES;
				MTL_ENABLE_DEBUG_INFO = INCLUDE_SOURCE;
				MTL_FAST_MATH = YES;
				ONLY_ACTIVE_ARCH = YES;
				SDKROOT = iphoneos;
				SWIFT_ACTIVE_COMPILATION_CONDITIONS = "DEBUG $(inherited)";
				SWIFT_OPTIMIZATION_LEVEL = "-Onone";
			};
			name = Debug;
		};
		14BF1AA72DD4779300F7A7EF /* Release */ = {
			isa = XCBuildConfiguration;
			buildSettings = {
				ALWAYS_SEARCH_USER_PATHS = NO;
				ASSETCATALOG_COMPILER_GENERATE_SWIFT_ASSET_SYMBOL_EXTENSIONS = YES;
				CLANG_ANALYZER_NONNULL = YES;
				CLANG_ANALYZER_NUMBER_OBJECT_CONVERSION = YES_AGGRESSIVE;
				CLANG_CXX_LANGUAGE_STANDARD = "gnu++20";
				CLANG_ENABLE_MODULES = YES;
				CLANG_ENABLE_OBJC_ARC = YES;
				CLANG_ENABLE_OBJC_WEAK = YES;
				CLANG_WARN_BLOCK_CAPTURE_AUTORELEASING = YES;
				CLANG_WARN_BOOL_CONVERSION = YES;
				CLANG_WARN_COMMA = YES;
				CLANG_WARN_CONSTANT_CONVERSION = YES;
				CLANG_WARN_DEPRECATED_OBJC_IMPLEMENTATIONS = YES;
				CLANG_WARN_DIRECT_OBJC_ISA_USAGE = YES_ERROR;
				CLANG_WARN_DOCUMENTATION_COMMENTS = YES;
				CLANG_WARN_EMPTY_BODY = YES;
				CLANG_WARN_ENUM_CONVERSION = YES;
				CLANG_WARN_INFINITE_RECURSION = YES;
				CLANG_WARN_INT_CONVERSION = YES;
				CLANG_WARN_NON_LITERAL_NULL_CONVERSION = YES;
				CLANG_WARN_OBJC_IMPLICIT_RETAIN_SELF = YES;
				CLANG_WARN_OBJC_LITERAL_CONVERSION = YES;
				CLANG_WARN_OBJC_ROOT_CLASS = YES_ERROR;
				CLANG_WARN_QUOTED_INCLUDE_IN_FRAMEWORK_HEADER = YES;
				CLANG_WARN_RANGE_LOOP_ANALYSIS = YES;
				CLANG_WARN_STRICT_PROTOTYPES = YES;
				CLANG_WARN_SUSPICIOUS_MOVE = YES;
				CLANG_WARN_UNGUARDED_AVAILABILITY = YES_AGGRESSIVE;
				CLANG_WARN_UNREACHABLE_CODE = YES;
				CLANG_WARN__DUPLICATE_METHOD_MATCH = YES;
				COPY_PHASE_STRIP = NO;
				DEBUG_INFORMATION_FORMAT = "dwarf-with-dsym";
				ENABLE_NS_ASSERTIONS = NO;
				ENABLE_STRICT_OBJC_MSGSEND = YES;
				ENABLE_USER_SCRIPT_SANDBOXING = YES;
				GCC_C_LANGUAGE_STANDARD = gnu17;
				GCC_NO_COMMON_BLOCKS = YES;
				GCC_WARN_64_TO_32_BIT_CONVERSION = YES;
				GCC_WARN_ABOUT_RETURN_TYPE = YES_ERROR;
				GCC_WARN_UNDECLARED_SELECTOR = YES;
				GCC_WARN_UNINITIALIZED_AUTOS = YES_AGGRESSIVE;
				GCC_WARN_UNUSED_FUNCTION = YES;
				GCC_WARN_UNUSED_VARIABLE = YES;
				IPHONEOS_DEPLOYMENT_TARGET = 18.4;
				LOCALIZATION_PREFERS_STRING_CATALOGS = YES;
				MTL_ENABLE_DEBUG_INFO = NO;
				MTL_FAST_MATH = YES;
				SDKROOT = iphoneos;
				SWIFT_COMPILATION_MODE = wholemodule;
				VALIDATE_PRODUCT = YES;
			};
			name = Release;
		};
		14BF1AA92DD4779300F7A7EF /* Debug */ = {
			isa = XCBuildConfiguration;
			buildSettings = {
				ASSETCATALOG_COMPILER_APPICON_NAME = AppIcon;
				ASSETCATALOG_COMPILER_GLOBAL_ACCENT_COLOR_NAME = AccentColor;
				CODE_SIGN_STYLE = Automatic;
				CURRENT_PROJECT_VERSION = 1;
				ENABLE_PREVIEWS = YES;
				GENERATE_INFOPLIST_FILE = YES;
				INFOPLIST_KEY_UIApplicationSceneManifest_Generation = YES;
				INFOPLIST_KEY_UIApplicationSupportsIndirectInputEvents = YES;
				INFOPLIST_KEY_UILaunchScreen_Generation = YES;
				INFOPLIST_KEY_UISupportedInterfaceOrientations_iPad = "UIInterfaceOrientationPortrait UIInterfaceOrientationPortraitUpsideDown UIInterfaceOrientationLandscapeLeft UIInterfaceOrientationLandscapeRight";
				INFOPLIST_KEY_UISupportedInterfaceOrientations_iPhone = "UIInterfaceOrientationPortrait UIInterfaceOrientationLandscapeLeft UIInterfaceOrientationLandscapeRight";
				LD_RUNPATH_SEARCH_PATHS = (
					"$(inherited)",
					"@executable_path/Frameworks",
				);
				MARKETING_VERSION = 1.0;
				PRODUCT_BUNDLE_IDENTIFIER = com.PESCE.saroj.Mundeer;
				PRODUCT_NAME = "$(TARGET_NAME)";
				SWIFT_EMIT_LOC_STRINGS = YES;
				SWIFT_VERSION = 5.0;
				TARGETED_DEVICE_FAMILY = "1,2";
			};
			name = Debug;
		};
		14BF1AAA2DD4779300F7A7EF /* Release */ = {
			isa = XCBuildConfiguration;
			buildSettings = {
				ASSETCATALOG_COMPILER_APPICON_NAME = AppIcon;
				ASSETCATALOG_COMPILER_GLOBAL_ACCENT_COLOR_NAME = AccentColor;
				CODE_SIGN_STYLE = Automatic;
				CURRENT_PROJECT_VERSION = 1;
				ENABLE_PREVIEWS = YES;
				GENERATE_INFOPLIST_FILE = YES;
				INFOPLIST_KEY_UIApplicationSceneManifest_Generation = YES;
				INFOPLIST_KEY_UIApplicationSupportsIndirectInputEvents = YES;
				INFOPLIST_KEY_UILaunchScreen_Generation = YES;
				INFOPLIST_KEY_UISupportedInterfaceOrientations_iPad = "UIInterfaceOrientationPortrait UIInterfaceOrientationPortraitUpsideDown UIInterfaceOrientationLandscapeLeft UIInterfaceOrientationLandscapeRight";
				INFOPLIST_KEY_UISupportedInterfaceOrientations_iPhone = "UIInterfaceOrientationPortrait UIInterfaceOrientationLandscapeLeft UIInterfaceOrientationLandscapeRight";
				LD_RUNPATH_SEARCH_PATHS = (
					"$(inherited)",
					"@executable_path/Frameworks",
				);
				MARKETING_VERSION = 1.0;
				PRODUCT_BUNDLE_IDENTIFIER = com.PESCE.saroj.Mundeer;
				PRODUCT_NAME = "$(TARGET_NAME)";
				SWIFT_EMIT_LOC_STRINGS = YES;
				SWIFT_VERSION = 5.0;
				TARGETED_DEVICE_FAMILY = "1,2";
			};
			name = Release;
		};
		14BF1AAC2DD4779300F7A7EF /* Debug */ = {
			isa = XCBuildConfiguration;
			buildSettings = {
				BUNDLE_LOADER = "$(TEST_HOST)";
				CODE_SIGN_STYLE = Automatic;
				CURRENT_PROJECT_VERSION = 1;
				GENERATE_INFOPLIST_FILE = YES;
				IPHONEOS_DEPLOYMENT_TARGET = 18.4;
				MARKETING_VERSION = 1.0;
				PRODUCT_BUNDLE_IDENTIFIER = com.PESCE.saroj.MundeerTests;
				PRODUCT_NAME = "$(TARGET_NAME)";
				SWIFT_EMIT_LOC_STRINGS = NO;
				SWIFT_VERSION = 5.0;
				TARGETED_DEVICE_FAMILY = "1,2";
				TEST_HOST = "$(BUILT_PRODUCTS_DIR)/Mundeer.app/$(BUNDLE_EXECUTABLE_FOLDER_PATH)/Mundeer";
			};
			name = Debug;
		};
		14BF1AAD2DD4779300F7A7EF /* Release */ = {
			isa = XCBuildConfiguration;
			buildSettings = {
				BUNDLE_LOADER = "$(TEST_HOST)";
				CODE_SIGN_STYLE = Automatic;
				CURRENT_PROJECT_VERSION = 1;
				GENERATE_INFOPLIST_FILE = YES;
				IPHONEOS_DEPLOYMENT_TARGET = 18.4;
				MARKETING_VERSION = 1.0;
				PRODUCT_BUNDLE_IDENTIFIER = com.PESCE.saroj.MundeerTests;
				PRODUCT_NAME = "$(TARGET_NAME)";
				SWIFT_EMIT_LOC_STRINGS = NO;
				SWIFT_VERSION = 5.0;
				TARGETED_DEVICE_FAMILY = "1,2";
				TEST_HOST = "$(BUILT_PRODUCTS_DIR)/Mundeer.app/$(BUNDLE_EXECUTABLE_FOLDER_PATH)/Mundeer";
			};
			name = Release;
		};
		14BF1AAF2DD4779300F7A7EF /* Debug */ = {
			isa = XCBuildConfiguration;
			buildSettings = {
				CODE_SIGN_STYLE = Automatic;
				CURRENT_PROJECT_VERSION = 1;
				GENERATE_INFOPLIST_FILE = YES;
				MARKETING_VERSION = 1.0;
				PRODUCT_BUNDLE_IDENTIFIER = com.PESCE.saroj.MundeerUITests;
				PRODUCT_NAME = "$(TARGET_NAME)";
				SWIFT_EMIT_LOC_STRINGS = NO;
				SWIFT_VERSION = 5.0;
				TARGETED_DEVICE_FAMILY = "1,2";
				TEST_TARGET_NAME = Mundeer;
			};
			name = Debug;
		};
		14BF1AB02DD4779300F7A7EF /* Release */ = {
			isa = XCBuildConfiguration;
			buildSettings = {
				CODE_SIGN_STYLE = Automatic;
				CURRENT_PROJECT_VERSION = 1;
				GENERATE_INFOPLIST_FILE = YES;
				MARKETING_VERSION = 1.0;
				PRODUCT_BUNDLE_IDENTIFIER = com.PESCE.saroj.MundeerUITests;
				PRODUCT_NAME = "$(TARGET_NAME)";
				SWIFT_EMIT_LOC_STRINGS = NO;
				SWIFT_VERSION = 5.0;
				TARGETED_DEVICE_FAMILY = "1,2";
				TEST_TARGET_NAME = Mundeer;
			};
			name = Release;
		};
/* End XCBuildConfiguration section */

/* Begin XCConfigurationList section */
		14BF1A822DD4779000F7A7EF /* Build configuration list for PBXProject "Mundeer" */ = {
			isa = XCConfigurationList;
			buildConfigurations = (
				14BF1AA62DD4779300F7A7EF /* Debug */,
				14BF1AA72DD4779300F7A7EF /* Release */,
			);
			defaultConfigurationIsVisible = 0;
			defaultConfigurationName = Release;
		};
		14BF1AA82DD4779300F7A7EF /* Build configuration list for PBXNativeTarget "Mundeer" */ = {
			isa = XCConfigurationList;
			buildConfigurations = (
				14BF1AA92DD4779300F7A7EF /* Debug */,
				14BF1AAA2DD4779300F7A7EF /* Release */,
			);
			defaultConfigurationIsVisible = 0;
			defaultConfigurationName = Release;
		};
		14BF1AAB2DD4779300F7A7EF /* Build configuration list for PBXNativeTarget "MundeerTests" */ = {
			isa = XCConfigurationList;
			buildConfigurations = (
				14BF1AAC2DD4779300F7A7EF /* Debug */,
				14BF1AAD2DD4779300F7A7EF /* Release */,
			);
			defaultConfigurationIsVisible = 0;
			defaultConfigurationName = Release;
		};
		14BF1AAE2DD4779300F7A7EF /* Build configuration list for PBXNativeTarget "MundeerUITests" */ = {
			isa = XCConfigurationList;
			buildConfigurations = (
				14BF1AAF2DD4779300F7A7EF /* Debug */,
				14BF1AB02DD4779300F7A7EF /* Release */,
			);
			defaultConfigurationIsVisible = 0;
			defaultConfigurationName = Release;
		};
/* End XCConfigurationList section */
	};
	rootObject = 14BF1A7F2DD4779000F7A7EF /* Project object */;
}
